
Microsoft Visual Studio Solution File, Format Version 12.00
# Visual Studio Version 16
VisualStudioVersion = 16.0.29409.12
MinimumVisualStudioVersion = 10.0.40219.1
Project("{9A19103F-16F7-4668-BE54-9A1E7A4F7556}") = "Producer", "Producer\Producer.csproj", "{30F2613D-E01A-455A-9C1C-045BC903A21F}"
EndProject
Project("{2150E333-8FDC-42A3-9474-1A3956D46DE8}") = "Infra", "Infra", "{AF373B4E-05E9-4355-A148-CF059DC59A34}"
EndProject
Project("{2150E333-8FDC-42A3-9474-1A3956D46DE8}") = "Domain", "Domain", "{0B4A20D7-65D4-4476-A5CE-D3CA241B2981}"
EndProject
Project("{9A19103F-16F7-4668-BE54-9A1E7A4F7556}") = "EventSourcing.Domain.Core", "EventSourcing.Domain.Core\EventSourcing.Domain.Core.csproj", "{6FD3DB4B-0CA6-4CDF-9A4D-F205AD8E0AB8}"
EndProject
Project("{9A19103F-16F7-4668-BE54-9A1E7A4F7556}") = "EventSourcing.Infra.Bus", "EventSourcing.Infra.Bus\EventSourcing.Infra.Bus.csproj", "{6D5C7EF3-256D-4DC7-90F0-22203F4BABF8}"
EndProject
Project("{FAE04EC0-301F-11D3-BF4B-00C04F79EFBC}") = "Consumer", "Consumer\Consumer.csproj", "{EDAEA7BC-CFC4-4E40-9944-DD095780DE13}"
EndProject
Global
	GlobalSection(SolutionConfigurationPlatforms) = preSolution
		Debug|Any CPU = Debug|Any CPU
		Release|Any CPU = Release|Any CPU
	EndGlobalSection
	GlobalSection(ProjectConfigurationPlatforms) = postSolution
		{30F2613D-E01A-455A-9C1C-045BC903A21F}.Debug|Any CPU.ActiveCfg = Debug|Any CPU
		{30F2613D-E01A-455A-9C1C-045BC903A21F}.Debug|Any CPU.Build.0 = Debug|Any CPU
		{30F2613D-E01A-455A-9C1C-045BC903A21F}.Release|Any CPU.ActiveCfg = Release|Any CPU
		{30F2613D-E01A-455A-9C1C-045BC903A21F}.Release|Any CPU.Build.0 = Release|Any CPU
		{6FD3DB4B-0CA6-4CDF-9A4D-F205AD8E0AB8}.Debug|Any CPU.ActiveCfg = Debug|Any CPU
		{6FD3DB4B-0CA6-4CDF-9A4D-F205AD8E0AB8}.Debug|Any CPU.Build.0 = Debug|Any CPU
		{6FD3DB4B-0CA6-4CDF-9A4D-F205AD8E0AB8}.Release|Any CPU.ActiveCfg = Release|Any CPU
		{6FD3DB4B-0CA6-4CDF-9A4D-F205AD8E0AB8}.Release|Any CPU.Build.0 = Release|Any CPU
		{6D5C7EF3-256D-4DC7-90F0-22203F4BABF8}.Debug|Any CPU.ActiveCfg = Debug|Any CPU
		{6D5C7EF3-256D-4DC7-90F0-22203F4BABF8}.Debug|Any CPU.Build.0 = Debug|Any CPU
		{6D5C7EF3-256D-4DC7-90F0-22203F4BABF8}.Release|Any CPU.ActiveCfg = Release|Any CPU
		{6D5C7EF3-256D-4DC7-90F0-22203F4BABF8}.Release|Any CPU.Build.0 = Release|Any CPU
		{EDAEA7BC-CFC4-4E40-9944-DD095780DE13}.Debug|Any CPU.ActiveCfg = Debug|Any CPU
		{EDAEA7BC-CFC4-4E40-9944-DD095780DE13}.Debug|Any CPU.Build.0 = Debug|Any CPU
		{EDAEA7BC-CFC4-4E40-9944-DD095780DE13}.Release|Any CPU.ActiveCfg = Release|Any CPU
		{EDAEA7BC-CFC4-4E40-9944-DD095780DE13}.Release|Any CPU.Build.0 = Release|Any CPU
	EndGlobalSection
	GlobalSection(SolutionProperties) = preSolution
		HideSolutionNode = FALSE
	EndGlobalSection
	GlobalSection(NestedProjects) = preSolution
		{6FD3DB4B-0CA6-4CDF-9A4D-F205AD8E0AB8} = {0B4A20D7-65D4-4476-A5CE-D3CA241B2981}
		{6D5C7EF3-256D-4DC7-90F0-22203F4BABF8} = {AF373B4E-05E9-4355-A148-CF059DC59A34}
	EndGlobalSection
	GlobalSection(ExtensibilityGlobals) = postSolution
		SolutionGuid = {DFE3ACA2-A09D-485F-9C26-7CC32C3FBFBB}
	EndGlobalSection
EndGlobal
